// !$*UTF8*$!
{
	archiveVersion = 1;
	classes = {
	};
	objectVersion = 56;
	objects = {

/* Begin PBXBuildFile section */
		AF01194C293E07EB00FD2D1C /* CustomTextField.swift in Sources */ = {isa = PBXBuildFile; fileRef = AF01194B293E07EB00FD2D1C /* CustomTextField.swift */; };
		AF0796992924A8E7002E876C /* SearchDeleteURIAPI.swift in Sources */ = {isa = PBXBuildFile; fileRef = AF0796982924A8E7002E876C /* SearchDeleteURIAPI.swift */; };
		AF07969D2924AE73002E876C /* SearchDeleteURIAPITest.swift in Sources */ = {isa = PBXBuildFile; fileRef = AF07969C2924AE73002E876C /* SearchDeleteURIAPITest.swift */; };
		AF07969F2924B6A4002E876C /* DeleteKeyRequestModel.swift in Sources */ = {isa = PBXBuildFile; fileRef = AF07969E2924B6A4002E876C /* DeleteKeyRequestModel.swift */; };
		AF0796A12924BE62002E876C /* DeleteProductAPI.swift in Sources */ = {isa = PBXBuildFile; fileRef = AF0796A02924BE62002E876C /* DeleteProductAPI.swift */; };
		AF0796A32924BED2002E876C /* DeleteProductAPITest.swift in Sources */ = {isa = PBXBuildFile; fileRef = AF0796A22924BED2002E876C /* DeleteProductAPITest.swift */; };
		AF13E5B52935C90E00F92C89 /* RegisterViewModel.swift in Sources */ = {isa = PBXBuildFile; fileRef = AF13E5B42935C90E00F92C89 /* RegisterViewModel.swift */; };
		AF13E5B72935C93B00F92C89 /* DetailViewController.swift in Sources */ = {isa = PBXBuildFile; fileRef = AF13E5B62935C93B00F92C89 /* DetailViewController.swift */; };
		AF13E5BA2935CC6500F92C89 /* DetailViewModel.swift in Sources */ = {isa = PBXBuildFile; fileRef = AF13E5B92935CC6500F92C89 /* DetailViewModel.swift */; };
		AF1520DB2926035F004957E7 /* Data+Extension.swift in Sources */ = {isa = PBXBuildFile; fileRef = AF1520DA2926035F004957E7 /* Data+Extension.swift */; };
		AF160EC82934DFE80014C385 /* UIImageView+Extension.swift in Sources */ = {isa = PBXBuildFile; fileRef = AF160EC72934DFE80014C385 /* UIImageView+Extension.swift */; };
		AF160ECA2934EE0B0014C385 /* HomeViewModel.swift in Sources */ = {isa = PBXBuildFile; fileRef = AF160EC92934EE0B0014C385 /* HomeViewModel.swift */; };
		AF5BB777292210E20013BFC1 /* AppDelegate.swift in Sources */ = {isa = PBXBuildFile; fileRef = AF5BB776292210E20013BFC1 /* AppDelegate.swift */; };
		AF5BB779292210E20013BFC1 /* SceneDelegate.swift in Sources */ = {isa = PBXBuildFile; fileRef = AF5BB778292210E20013BFC1 /* SceneDelegate.swift */; };
		AF5BB77B292210E20013BFC1 /* HomeViewController.swift in Sources */ = {isa = PBXBuildFile; fileRef = AF5BB77A292210E20013BFC1 /* HomeViewController.swift */; };
		AF5BB780292210E30013BFC1 /* Assets.xcassets in Resources */ = {isa = PBXBuildFile; fileRef = AF5BB77F292210E30013BFC1 /* Assets.xcassets */; };
		AF5BB783292210E30013BFC1 /* LaunchScreen.storyboard in Resources */ = {isa = PBXBuildFile; fileRef = AF5BB781292210E30013BFC1 /* LaunchScreen.storyboard */; };
		AF71745F29222EF90004FC02 /* ServerCheckAPI.swift in Sources */ = {isa = PBXBuildFile; fileRef = AF71745E29222EF90004FC02 /* ServerCheckAPI.swift */; };
		AF717462292236EB0004FC02 /* APIConfiguration.swift in Sources */ = {isa = PBXBuildFile; fileRef = AF717461292236EB0004FC02 /* APIConfiguration.swift */; };
		AF7174642922375B0004FC02 /* APIClient.swift in Sources */ = {isa = PBXBuildFile; fileRef = AF7174632922375B0004FC02 /* APIClient.swift */; };
		AF7174662922383A0004FC02 /* APIError.swift in Sources */ = {isa = PBXBuildFile; fileRef = AF7174652922383A0004FC02 /* APIError.swift */; };
		AF71746829224A010004FC02 /* API.swift in Sources */ = {isa = PBXBuildFile; fileRef = AF71746729224A010004FC02 /* API.swift */; };
		AF71746D292251510004FC02 /* SearchProductListAPI.swift in Sources */ = {isa = PBXBuildFile; fileRef = AF71746C292251510004FC02 /* SearchProductListAPI.swift */; };
		AF717471292252000004FC02 /* SearchProductListResponse.swift in Sources */ = {isa = PBXBuildFile; fileRef = AF717470292252000004FC02 /* SearchProductListResponse.swift */; };
		AF71748029227BCB0004FC02 /* SearchProductListAPITest.swift in Sources */ = {isa = PBXBuildFile; fileRef = AF71747F29227BCB0004FC02 /* SearchProductListAPITest.swift */; };
		AF71748229227BE40004FC02 /* ServerCheckAPITest.swift in Sources */ = {isa = PBXBuildFile; fileRef = AF71748129227BE40004FC02 /* ServerCheckAPITest.swift */; };
		AF8ED162293040750070D55C /* URLRequest+Extension.swift in Sources */ = {isa = PBXBuildFile; fileRef = AF8ED161293040750070D55C /* URLRequest+Extension.swift */; };
		AFC44D472934836400B01142 /* DetailView.swift in Sources */ = {isa = PBXBuildFile; fileRef = AFC44D462934836400B01142 /* DetailView.swift */; };
		AFC44D492934838A00B01142 /* SearchView.swift in Sources */ = {isa = PBXBuildFile; fileRef = AFC44D482934838A00B01142 /* SearchView.swift */; };
		AFC44D4B2934855300B01142 /* TabBarController.swift in Sources */ = {isa = PBXBuildFile; fileRef = AFC44D4A2934855300B01142 /* TabBarController.swift */; };
		AFC44D4D2934860A00B01142 /* RegisterViewController.swift in Sources */ = {isa = PBXBuildFile; fileRef = AFC44D4C2934860A00B01142 /* RegisterViewController.swift */; };
		AFC44D4F29348CD600B01142 /* SearchViewController.swift in Sources */ = {isa = PBXBuildFile; fileRef = AFC44D4E29348CD600B01142 /* SearchViewController.swift */; };
		AFC44D512934975300B01142 /* ProductCollectionView.swift in Sources */ = {isa = PBXBuildFile; fileRef = AFC44D502934975300B01142 /* ProductCollectionView.swift */; };
		AFC44D53293497C900B01142 /* ProductCell.swift in Sources */ = {isa = PBXBuildFile; fileRef = AFC44D52293497C900B01142 /* ProductCell.swift */; };
		AFD41D732937230D008E36C0 /* DateCalculator.swift in Sources */ = {isa = PBXBuildFile; fileRef = AFD41D722937230D008E36C0 /* DateCalculator.swift */; };
		AFD9AB4A29231000009A67AB /* SearchProductDetailAPI.swift in Sources */ = {isa = PBXBuildFile; fileRef = AFD9AB4929231000009A67AB /* SearchProductDetailAPI.swift */; };
		AFD9AB4C2923101F009A67AB /* SearchProductDetailResponse.swift in Sources */ = {isa = PBXBuildFile; fileRef = AFD9AB4B2923101F009A67AB /* SearchProductDetailResponse.swift */; };
		AFD9AB4E29231238009A67AB /* SearchProductDetailAPITest.swift in Sources */ = {isa = PBXBuildFile; fileRef = AFD9AB4D29231238009A67AB /* SearchProductDetailAPITest.swift */; };
		AFD9AB50292313BA009A67AB /* APIConfigurationTest.swift in Sources */ = {isa = PBXBuildFile; fileRef = AFD9AB4F292313BA009A67AB /* APIConfigurationTest.swift */; };
		AFD9AB5229231C60009A67AB /* RegisterProductAPI.swift in Sources */ = {isa = PBXBuildFile; fileRef = AFD9AB5129231C60009A67AB /* RegisterProductAPI.swift */; };
		AFD9AB56292325DB009A67AB /* RegisterProductAPITest.swift in Sources */ = {isa = PBXBuildFile; fileRef = AFD9AB55292325DB009A67AB /* RegisterProductAPITest.swift */; };
		AFD9AB582923818D009A67AB /* ProductModel.swift in Sources */ = {isa = PBXBuildFile; fileRef = AFD9AB572923818D009A67AB /* ProductModel.swift */; };
		AFEE294D292613FD008028C2 /* UIImage+Extension.swift in Sources */ = {isa = PBXBuildFile; fileRef = AFEE294C292613FD008028C2 /* UIImage+Extension.swift */; };
		AFEE2951292652CA008028C2 /* DeleteURITransferable.swift in Sources */ = {isa = PBXBuildFile; fileRef = AFEE2950292652CA008028C2 /* DeleteURITransferable.swift */; };
		AFF5E0662939BA81000CC513 /* Observable.swift in Sources */ = {isa = PBXBuildFile; fileRef = AFF5E0652939BA81000CC513 /* Observable.swift */; };
		AFF5E0682939C1B5000CC513 /* RegisterView.swift in Sources */ = {isa = PBXBuildFile; fileRef = AFF5E0672939C1B5000CC513 /* RegisterView.swift */; };
		AFF9693F292EF555009AB014 /* EditProductAPI.swift in Sources */ = {isa = PBXBuildFile; fileRef = AFF9693E292EF555009AB014 /* EditProductAPI.swift */; };
		AFF96941292EF731009AB014 /* EditProductAPITest.swift in Sources */ = {isa = PBXBuildFile; fileRef = AFF96940292EF731009AB014 /* EditProductAPITest.swift */; };
		AFF96943292F046A009AB014 /* EditProductModel.swift in Sources */ = {isa = PBXBuildFile; fileRef = AFF96942292F046A009AB014 /* EditProductModel.swift */; };
		AFF96945292F05C5009AB014 /* BodyType.swift in Sources */ = {isa = PBXBuildFile; fileRef = AFF96944292F05C5009AB014 /* BodyType.swift */; };
/* End PBXBuildFile section */

/* Begin PBXContainerItemProxy section */
		AF71747A29227B9C0004FC02 /* PBXContainerItemProxy */ = {
			isa = PBXContainerItemProxy;
			containerPortal = AF5BB76B292210E20013BFC1 /* Project object */;
			proxyType = 1;
			remoteGlobalIDString = AF5BB772292210E20013BFC1;
			remoteInfo = YagomMarket;
		};
/* End PBXContainerItemProxy section */

/* Begin PBXFileReference section */
		AF01194B293E07EB00FD2D1C /* CustomTextField.swift */ = {isa = PBXFileReference; lastKnownFileType = sourcecode.swift; path = CustomTextField.swift; sourceTree = "<group>"; };
		AF0796982924A8E7002E876C /* SearchDeleteURIAPI.swift */ = {isa = PBXFileReference; lastKnownFileType = sourcecode.swift; path = SearchDeleteURIAPI.swift; sourceTree = "<group>"; };
		AF07969C2924AE73002E876C /* SearchDeleteURIAPITest.swift */ = {isa = PBXFileReference; lastKnownFileType = sourcecode.swift; path = SearchDeleteURIAPITest.swift; sourceTree = "<group>"; };
		AF07969E2924B6A4002E876C /* DeleteKeyRequestModel.swift */ = {isa = PBXFileReference; lastKnownFileType = sourcecode.swift; path = DeleteKeyRequestModel.swift; sourceTree = "<group>"; };
		AF0796A02924BE62002E876C /* DeleteProductAPI.swift */ = {isa = PBXFileReference; lastKnownFileType = sourcecode.swift; path = DeleteProductAPI.swift; sourceTree = "<group>"; };
		AF0796A22924BED2002E876C /* DeleteProductAPITest.swift */ = {isa = PBXFileReference; lastKnownFileType = sourcecode.swift; path = DeleteProductAPITest.swift; sourceTree = "<group>"; };
		AF13E5B42935C90E00F92C89 /* RegisterViewModel.swift */ = {isa = PBXFileReference; lastKnownFileType = sourcecode.swift; path = RegisterViewModel.swift; sourceTree = "<group>"; };
		AF13E5B62935C93B00F92C89 /* DetailViewController.swift */ = {isa = PBXFileReference; lastKnownFileType = sourcecode.swift; path = DetailViewController.swift; sourceTree = "<group>"; };
		AF13E5B92935CC6500F92C89 /* DetailViewModel.swift */ = {isa = PBXFileReference; lastKnownFileType = sourcecode.swift; path = DetailViewModel.swift; sourceTree = "<group>"; };
		AF1520DA2926035F004957E7 /* Data+Extension.swift */ = {isa = PBXFileReference; lastKnownFileType = sourcecode.swift; path = "Data+Extension.swift"; sourceTree = "<group>"; };
		AF160EC72934DFE80014C385 /* UIImageView+Extension.swift */ = {isa = PBXFileReference; lastKnownFileType = sourcecode.swift; path = "UIImageView+Extension.swift"; sourceTree = "<group>"; };
		AF160EC92934EE0B0014C385 /* HomeViewModel.swift */ = {isa = PBXFileReference; lastKnownFileType = sourcecode.swift; path = HomeViewModel.swift; sourceTree = "<group>"; };
		AF5BB773292210E20013BFC1 /* YagomMarket.app */ = {isa = PBXFileReference; explicitFileType = wrapper.application; includeInIndex = 0; path = YagomMarket.app; sourceTree = BUILT_PRODUCTS_DIR; };
		AF5BB776292210E20013BFC1 /* AppDelegate.swift */ = {isa = PBXFileReference; lastKnownFileType = sourcecode.swift; path = AppDelegate.swift; sourceTree = "<group>"; };
		AF5BB778292210E20013BFC1 /* SceneDelegate.swift */ = {isa = PBXFileReference; lastKnownFileType = sourcecode.swift; path = SceneDelegate.swift; sourceTree = "<group>"; };
		AF5BB77A292210E20013BFC1 /* HomeViewController.swift */ = {isa = PBXFileReference; lastKnownFileType = sourcecode.swift; path = HomeViewController.swift; sourceTree = "<group>"; };
		AF5BB77F292210E30013BFC1 /* Assets.xcassets */ = {isa = PBXFileReference; lastKnownFileType = folder.assetcatalog; path = Assets.xcassets; sourceTree = "<group>"; };
		AF5BB782292210E30013BFC1 /* Base */ = {isa = PBXFileReference; lastKnownFileType = file.storyboard; name = Base; path = Base.lproj/LaunchScreen.storyboard; sourceTree = "<group>"; };
		AF5BB784292210E30013BFC1 /* Info.plist */ = {isa = PBXFileReference; lastKnownFileType = text.plist.xml; path = Info.plist; sourceTree = "<group>"; };
		AF71745E29222EF90004FC02 /* ServerCheckAPI.swift */ = {isa = PBXFileReference; lastKnownFileType = sourcecode.swift; path = ServerCheckAPI.swift; sourceTree = "<group>"; };
		AF717461292236EB0004FC02 /* APIConfiguration.swift */ = {isa = PBXFileReference; lastKnownFileType = sourcecode.swift; path = APIConfiguration.swift; sourceTree = "<group>"; };
		AF7174632922375B0004FC02 /* APIClient.swift */ = {isa = PBXFileReference; lastKnownFileType = sourcecode.swift; path = APIClient.swift; sourceTree = "<group>"; };
		AF7174652922383A0004FC02 /* APIError.swift */ = {isa = PBXFileReference; lastKnownFileType = sourcecode.swift; path = APIError.swift; sourceTree = "<group>"; };
		AF71746729224A010004FC02 /* API.swift */ = {isa = PBXFileReference; lastKnownFileType = sourcecode.swift; path = API.swift; sourceTree = "<group>"; };
		AF71746C292251510004FC02 /* SearchProductListAPI.swift */ = {isa = PBXFileReference; lastKnownFileType = sourcecode.swift; path = SearchProductListAPI.swift; sourceTree = "<group>"; };
		AF717470292252000004FC02 /* SearchProductListResponse.swift */ = {isa = PBXFileReference; lastKnownFileType = sourcecode.swift; path = SearchProductListResponse.swift; sourceTree = "<group>"; };
		AF71747629227B9C0004FC02 /* YagomMarketTests.xctest */ = {isa = PBXFileReference; explicitFileType = wrapper.cfbundle; includeInIndex = 0; path = YagomMarketTests.xctest; sourceTree = BUILT_PRODUCTS_DIR; };
		AF71747F29227BCB0004FC02 /* SearchProductListAPITest.swift */ = {isa = PBXFileReference; lastKnownFileType = sourcecode.swift; path = SearchProductListAPITest.swift; sourceTree = "<group>"; };
		AF71748129227BE40004FC02 /* ServerCheckAPITest.swift */ = {isa = PBXFileReference; lastKnownFileType = sourcecode.swift; path = ServerCheckAPITest.swift; sourceTree = "<group>"; };
		AF8ED161293040750070D55C /* URLRequest+Extension.swift */ = {isa = PBXFileReference; lastKnownFileType = sourcecode.swift; path = "URLRequest+Extension.swift"; sourceTree = "<group>"; };
		AFC44D462934836400B01142 /* DetailView.swift */ = {isa = PBXFileReference; lastKnownFileType = sourcecode.swift; path = DetailView.swift; sourceTree = "<group>"; };
		AFC44D482934838A00B01142 /* SearchView.swift */ = {isa = PBXFileReference; lastKnownFileType = sourcecode.swift; path = SearchView.swift; sourceTree = "<group>"; };
		AFC44D4A2934855300B01142 /* TabBarController.swift */ = {isa = PBXFileReference; lastKnownFileType = sourcecode.swift; path = TabBarController.swift; sourceTree = "<group>"; };
		AFC44D4C2934860A00B01142 /* RegisterViewController.swift */ = {isa = PBXFileReference; lastKnownFileType = sourcecode.swift; path = RegisterViewController.swift; sourceTree = "<group>"; };
		AFC44D4E29348CD600B01142 /* SearchViewController.swift */ = {isa = PBXFileReference; lastKnownFileType = sourcecode.swift; path = SearchViewController.swift; sourceTree = "<group>"; };
		AFC44D502934975300B01142 /* ProductCollectionView.swift */ = {isa = PBXFileReference; lastKnownFileType = sourcecode.swift; path = ProductCollectionView.swift; sourceTree = "<group>"; };
		AFC44D52293497C900B01142 /* ProductCell.swift */ = {isa = PBXFileReference; lastKnownFileType = sourcecode.swift; path = ProductCell.swift; sourceTree = "<group>"; };
		AFD41D722937230D008E36C0 /* DateCalculator.swift */ = {isa = PBXFileReference; lastKnownFileType = sourcecode.swift; path = DateCalculator.swift; sourceTree = "<group>"; };
		AFD9AB4929231000009A67AB /* SearchProductDetailAPI.swift */ = {isa = PBXFileReference; lastKnownFileType = sourcecode.swift; path = SearchProductDetailAPI.swift; sourceTree = "<group>"; };
		AFD9AB4B2923101F009A67AB /* SearchProductDetailResponse.swift */ = {isa = PBXFileReference; lastKnownFileType = sourcecode.swift; path = SearchProductDetailResponse.swift; sourceTree = "<group>"; };
		AFD9AB4D29231238009A67AB /* SearchProductDetailAPITest.swift */ = {isa = PBXFileReference; lastKnownFileType = sourcecode.swift; path = SearchProductDetailAPITest.swift; sourceTree = "<group>"; };
		AFD9AB4F292313BA009A67AB /* APIConfigurationTest.swift */ = {isa = PBXFileReference; lastKnownFileType = sourcecode.swift; path = APIConfigurationTest.swift; sourceTree = "<group>"; };
		AFD9AB5129231C60009A67AB /* RegisterProductAPI.swift */ = {isa = PBXFileReference; lastKnownFileType = sourcecode.swift; path = RegisterProductAPI.swift; sourceTree = "<group>"; };
		AFD9AB55292325DB009A67AB /* RegisterProductAPITest.swift */ = {isa = PBXFileReference; lastKnownFileType = sourcecode.swift; path = RegisterProductAPITest.swift; sourceTree = "<group>"; };
		AFD9AB572923818D009A67AB /* ProductModel.swift */ = {isa = PBXFileReference; lastKnownFileType = sourcecode.swift; path = ProductModel.swift; sourceTree = "<group>"; };
		AFEE294C292613FD008028C2 /* UIImage+Extension.swift */ = {isa = PBXFileReference; lastKnownFileType = sourcecode.swift; path = "UIImage+Extension.swift"; sourceTree = "<group>"; };
		AFEE2950292652CA008028C2 /* DeleteURITransferable.swift */ = {isa = PBXFileReference; lastKnownFileType = sourcecode.swift; path = DeleteURITransferable.swift; sourceTree = "<group>"; };
		AFF5E0652939BA81000CC513 /* Observable.swift */ = {isa = PBXFileReference; lastKnownFileType = sourcecode.swift; path = Observable.swift; sourceTree = "<group>"; };
		AFF5E0672939C1B5000CC513 /* RegisterView.swift */ = {isa = PBXFileReference; lastKnownFileType = sourcecode.swift; path = RegisterView.swift; sourceTree = "<group>"; };
		AFF9693E292EF555009AB014 /* EditProductAPI.swift */ = {isa = PBXFileReference; lastKnownFileType = sourcecode.swift; path = EditProductAPI.swift; sourceTree = "<group>"; };
		AFF96940292EF731009AB014 /* EditProductAPITest.swift */ = {isa = PBXFileReference; lastKnownFileType = sourcecode.swift; path = EditProductAPITest.swift; sourceTree = "<group>"; };
		AFF96942292F046A009AB014 /* EditProductModel.swift */ = {isa = PBXFileReference; lastKnownFileType = sourcecode.swift; path = EditProductModel.swift; sourceTree = "<group>"; };
		AFF96944292F05C5009AB014 /* BodyType.swift */ = {isa = PBXFileReference; lastKnownFileType = sourcecode.swift; path = BodyType.swift; sourceTree = "<group>"; };
/* End PBXFileReference section */

/* Begin PBXFrameworksBuildPhase section */
		AF5BB770292210E20013BFC1 /* Frameworks */ = {
			isa = PBXFrameworksBuildPhase;
			buildActionMask = 2147483647;
			files = (
			);
			runOnlyForDeploymentPostprocessing = 0;
		};
		AF71747329227B9C0004FC02 /* Frameworks */ = {
			isa = PBXFrameworksBuildPhase;
			buildActionMask = 2147483647;
			files = (
			);
			runOnlyForDeploymentPostprocessing = 0;
		};
/* End PBXFrameworksBuildPhase section */

/* Begin PBXGroup section */
		AF1520D92926033F004957E7 /* Extesions */ = {
			isa = PBXGroup;
			children = (
				AF1520DA2926035F004957E7 /* Data+Extension.swift */,
				AFEE294C292613FD008028C2 /* UIImage+Extension.swift */,
				AF160EC72934DFE80014C385 /* UIImageView+Extension.swift */,
				AF8ED161293040750070D55C /* URLRequest+Extension.swift */,
			);
			path = Extesions;
			sourceTree = "<group>";
		};
		AF5BB76A292210E20013BFC1 = {
			isa = PBXGroup;
			children = (
				AF5BB775292210E20013BFC1 /* YagomMarket */,
				AF717460292236BB0004FC02 /* Networking */,
				AF71747729227B9C0004FC02 /* YagomMarketTests */,
				AF5BB774292210E20013BFC1 /* Products */,
			);
			sourceTree = "<group>";
		};
		AF5BB774292210E20013BFC1 /* Products */ = {
			isa = PBXGroup;
			children = (
				AF5BB773292210E20013BFC1 /* YagomMarket.app */,
				AF71747629227B9C0004FC02 /* YagomMarketTests.xctest */,
			);
			name = Products;
			sourceTree = "<group>";
		};
		AF5BB775292210E20013BFC1 /* YagomMarket */ = {
			isa = PBXGroup;
			children = (
				AFD41D71293722FC008E36C0 /* Helper */,
				AF5BB78A292214220013BFC1 /* Entries */,
				AFF99D7129364C5700AD4DB0 /* Protocols */,
				AF1520D92926033F004957E7 /* Extesions */,
				AF71746B2922512F0004FC02 /* APIs */,
				AF71746E292251CF0004FC02 /* Models */,
				AFC44D432934830A00B01142 /* Views */,
				AFFE5BB229359918009C7A30 /* ViewModels */,
				AF5BB78B2922142F0013BFC1 /* Supporting Files */,
			);
			path = YagomMarket;
			sourceTree = "<group>";
		};
		AF5BB78A292214220013BFC1 /* Entries */ = {
			isa = PBXGroup;
			children = (
				AF5BB776292210E20013BFC1 /* AppDelegate.swift */,
				AF5BB778292210E20013BFC1 /* SceneDelegate.swift */,
			);
			path = Entries;
			sourceTree = "<group>";
		};
		AF5BB78B2922142F0013BFC1 /* Supporting Files */ = {
			isa = PBXGroup;
			children = (
				AF5BB77F292210E30013BFC1 /* Assets.xcassets */,
				AF5BB781292210E30013BFC1 /* LaunchScreen.storyboard */,
				AF5BB784292210E30013BFC1 /* Info.plist */,
			);
			path = "Supporting Files";
			sourceTree = "<group>";
		};
		AF717460292236BB0004FC02 /* Networking */ = {
			isa = PBXGroup;
			children = (
				AF717461292236EB0004FC02 /* APIConfiguration.swift */,
				AF7174632922375B0004FC02 /* APIClient.swift */,
				AF7174652922383A0004FC02 /* APIError.swift */,
				AF71746729224A010004FC02 /* API.swift */,
			);
			path = Networking;
			sourceTree = "<group>";
		};
		AF71746B2922512F0004FC02 /* APIs */ = {
			isa = PBXGroup;
			children = (
				AF71745E29222EF90004FC02 /* ServerCheckAPI.swift */,
				AF71746C292251510004FC02 /* SearchProductListAPI.swift */,
				AFD9AB4929231000009A67AB /* SearchProductDetailAPI.swift */,
				AFD9AB5129231C60009A67AB /* RegisterProductAPI.swift */,
				AF0796982924A8E7002E876C /* SearchDeleteURIAPI.swift */,
				AF0796A02924BE62002E876C /* DeleteProductAPI.swift */,
				AFF9693E292EF555009AB014 /* EditProductAPI.swift */,
			);
			path = APIs;
			sourceTree = "<group>";
		};
		AF71746E292251CF0004FC02 /* Models */ = {
			isa = PBXGroup;
			children = (
				AFFF74C5292FAD5D0086A3D6 /* Response */,
				AFFF74C6292FAD680086A3D6 /* BodyType */,
			);
			path = Models;
			sourceTree = "<group>";
		};
		AF71747729227B9C0004FC02 /* YagomMarketTests */ = {
			isa = PBXGroup;
			children = (
				AFD9AB4F292313BA009A67AB /* APIConfigurationTest.swift */,
				AF71748129227BE40004FC02 /* ServerCheckAPITest.swift */,
				AF71747F29227BCB0004FC02 /* SearchProductListAPITest.swift */,
				AFD9AB4D29231238009A67AB /* SearchProductDetailAPITest.swift */,
				AFD9AB55292325DB009A67AB /* RegisterProductAPITest.swift */,
				AF07969C2924AE73002E876C /* SearchDeleteURIAPITest.swift */,
				AF0796A22924BED2002E876C /* DeleteProductAPITest.swift */,
				AFF96940292EF731009AB014 /* EditProductAPITest.swift */,
			);
			path = YagomMarketTests;
			sourceTree = "<group>";
		};
		AFC44D432934830A00B01142 /* Views */ = {
			isa = PBXGroup;
			children = (
				AFC44D4A2934855300B01142 /* TabBarController.swift */,
				AF01194B293E07EB00FD2D1C /* CustomTextField.swift */,
				AFFF2169293CD0A9001B585F /* HomeViewController */,
				AFFF216A293CD0B5001B585F /* DetailViewController */,
				AFFF216B293CD0C3001B585F /* RegisterViewController */,
				AFFF216C293CD0CD001B585F /* SeartchViewController */,
			);
			path = Views;
			sourceTree = "<group>";
		};
		AFD41D71293722FC008E36C0 /* Helper */ = {
			isa = PBXGroup;
			children = (
				AFD41D722937230D008E36C0 /* DateCalculator.swift */,
				AFF5E0652939BA81000CC513 /* Observable.swift */,
			);
			path = Helper;
			sourceTree = "<group>";
		};
		AFF99D7129364C5700AD4DB0 /* Protocols */ = {
			isa = PBXGroup;
			children = (
				AFEE2950292652CA008028C2 /* DeleteURITransferable.swift */,
			);
			path = Protocols;
			sourceTree = "<group>";
		};
		AFFE5BB229359918009C7A30 /* ViewModels */ = {
			isa = PBXGroup;
			children = (
				AF160EC92934EE0B0014C385 /* HomeViewModel.swift */,
				AF13E5B92935CC6500F92C89 /* DetailViewModel.swift */,
				AF13E5B42935C90E00F92C89 /* RegisterViewModel.swift */,
			);
			path = ViewModels;
			sourceTree = "<group>";
		};
		AFFF2169293CD0A9001B585F /* HomeViewController */ = {
			isa = PBXGroup;
			children = (
				AF5BB77A292210E20013BFC1 /* HomeViewController.swift */,
				AFC44D502934975300B01142 /* ProductCollectionView.swift */,
				AFC44D52293497C900B01142 /* ProductCell.swift */,
			);
			path = HomeViewController;
			sourceTree = "<group>";
		};
		AFFF216A293CD0B5001B585F /* DetailViewController */ = {
			isa = PBXGroup;
			children = (
				AF13E5B62935C93B00F92C89 /* DetailViewController.swift */,
				AFC44D462934836400B01142 /* DetailView.swift */,
			);
			path = DetailViewController;
			sourceTree = "<group>";
		};
		AFFF216B293CD0C3001B585F /* RegisterViewController */ = {
			isa = PBXGroup;
			children = (
				AFC44D4C2934860A00B01142 /* RegisterViewController.swift */,
				AFF5E0672939C1B5000CC513 /* RegisterView.swift */,
			);
			path = RegisterViewController;
			sourceTree = "<group>";
		};
		AFFF216C293CD0CD001B585F /* SeartchViewController */ = {
			isa = PBXGroup;
			children = (
				AFC44D4E29348CD600B01142 /* SearchViewController.swift */,
				AFC44D482934838A00B01142 /* SearchView.swift */,
			);
			path = SeartchViewController;
			sourceTree = "<group>";
		};
		AFFF74C5292FAD5D0086A3D6 /* Response */ = {
			isa = PBXGroup;
			children = (
				AF717470292252000004FC02 /* SearchProductListResponse.swift */,
				AFD9AB4B2923101F009A67AB /* SearchProductDetailResponse.swift */,
			);
			path = Response;
			sourceTree = "<group>";
		};
		AFFF74C6292FAD680086A3D6 /* BodyType */ = {
			isa = PBXGroup;
			children = (
				AFF96944292F05C5009AB014 /* BodyType.swift */,
				AFD9AB572923818D009A67AB /* ProductModel.swift */,
				AFF96942292F046A009AB014 /* EditProductModel.swift */,
				AF07969E2924B6A4002E876C /* DeleteKeyRequestModel.swift */,
			);
			path = BodyType;
			sourceTree = "<group>";
		};
/* End PBXGroup section */

/* Begin PBXNativeTarget section */
		AF5BB772292210E20013BFC1 /* YagomMarket */ = {
			isa = PBXNativeTarget;
			buildConfigurationList = AF5BB787292210E30013BFC1 /* Build configuration list for PBXNativeTarget "YagomMarket" */;
			buildPhases = (
				AF5BB76F292210E20013BFC1 /* Sources */,
				AF5BB770292210E20013BFC1 /* Frameworks */,
				AF5BB771292210E20013BFC1 /* Resources */,
			);
			buildRules = (
			);
			dependencies = (
			);
			name = YagomMarket;
			productName = YagomMarket;
			productReference = AF5BB773292210E20013BFC1 /* YagomMarket.app */;
			productType = "com.apple.product-type.application";
		};
		AF71747529227B9C0004FC02 /* YagomMarketTests */ = {
			isa = PBXNativeTarget;
			buildConfigurationList = AF71747C29227B9C0004FC02 /* Build configuration list for PBXNativeTarget "YagomMarketTests" */;
			buildPhases = (
				AF71747229227B9C0004FC02 /* Sources */,
				AF71747329227B9C0004FC02 /* Frameworks */,
				AF71747429227B9C0004FC02 /* Resources */,
			);
			buildRules = (
			);
			dependencies = (
				AF71747B29227B9C0004FC02 /* PBXTargetDependency */,
			);
			name = YagomMarketTests;
			productName = YagomMarketTests;
			productReference = AF71747629227B9C0004FC02 /* YagomMarketTests.xctest */;
			productType = "com.apple.product-type.bundle.unit-test";
		};
/* End PBXNativeTarget section */

/* Begin PBXProject section */
		AF5BB76B292210E20013BFC1 /* Project object */ = {
			isa = PBXProject;
			attributes = {
				BuildIndependentTargetsInParallel = 1;
				LastSwiftUpdateCheck = 1400;
				LastUpgradeCheck = 1400;
				TargetAttributes = {
					AF5BB772292210E20013BFC1 = {
						CreatedOnToolsVersion = 14.0.1;
					};
					AF71747529227B9C0004FC02 = {
						CreatedOnToolsVersion = 14.0.1;
						TestTargetID = AF5BB772292210E20013BFC1;
					};
				};
			};
			buildConfigurationList = AF5BB76E292210E20013BFC1 /* Build configuration list for PBXProject "YagomMarket" */;
			compatibilityVersion = "Xcode 14.0";
			developmentRegion = en;
			hasScannedForEncodings = 0;
			knownRegions = (
				en,
				Base,
			);
			mainGroup = AF5BB76A292210E20013BFC1;
			productRefGroup = AF5BB774292210E20013BFC1 /* Products */;
			projectDirPath = "";
			projectRoot = "";
			targets = (
				AF5BB772292210E20013BFC1 /* YagomMarket */,
				AF71747529227B9C0004FC02 /* YagomMarketTests */,
			);
		};
/* End PBXProject section */

/* Begin PBXResourcesBuildPhase section */
		AF5BB771292210E20013BFC1 /* Resources */ = {
			isa = PBXResourcesBuildPhase;
			buildActionMask = 2147483647;
			files = (
				AF5BB783292210E30013BFC1 /* LaunchScreen.storyboard in Resources */,
				AF5BB780292210E30013BFC1 /* Assets.xcassets in Resources */,
			);
			runOnlyForDeploymentPostprocessing = 0;
		};
		AF71747429227B9C0004FC02 /* Resources */ = {
			isa = PBXResourcesBuildPhase;
			buildActionMask = 2147483647;
			files = (
			);
			runOnlyForDeploymentPostprocessing = 0;
		};
/* End PBXResourcesBuildPhase section */

/* Begin PBXSourcesBuildPhase section */
		AF5BB76F292210E20013BFC1 /* Sources */ = {
			isa = PBXSourcesBuildPhase;
			buildActionMask = 2147483647;
			files = (
				AFF5E0662939BA81000CC513 /* Observable.swift in Sources */,
				AFC44D4F29348CD600B01142 /* SearchViewController.swift in Sources */,
				AFD9AB4A29231000009A67AB /* SearchProductDetailAPI.swift in Sources */,
				AF8ED162293040750070D55C /* URLRequest+Extension.swift in Sources */,
				AF01194C293E07EB00FD2D1C /* CustomTextField.swift in Sources */,
				AF0796992924A8E7002E876C /* SearchDeleteURIAPI.swift in Sources */,
				AF5BB77B292210E20013BFC1 /* HomeViewController.swift in Sources */,
				AF1520DB2926035F004957E7 /* Data+Extension.swift in Sources */,
				AFD9AB582923818D009A67AB /* ProductModel.swift in Sources */,
				AF71745F29222EF90004FC02 /* ServerCheckAPI.swift in Sources */,
				AF717462292236EB0004FC02 /* APIConfiguration.swift in Sources */,
				AFD9AB5229231C60009A67AB /* RegisterProductAPI.swift in Sources */,
				AF5BB777292210E20013BFC1 /* AppDelegate.swift in Sources */,
				AF5BB779292210E20013BFC1 /* SceneDelegate.swift in Sources */,
				AFC44D53293497C900B01142 /* ProductCell.swift in Sources */,
				AFEE2951292652CA008028C2 /* DeleteURITransferable.swift in Sources */,
				AFF5E0682939C1B5000CC513 /* RegisterView.swift in Sources */,
				AF7174642922375B0004FC02 /* APIClient.swift in Sources */,
				AF13E5B52935C90E00F92C89 /* RegisterViewModel.swift in Sources */,
				AF0796A12924BE62002E876C /* DeleteProductAPI.swift in Sources */,
				AF160ECA2934EE0B0014C385 /* HomeViewModel.swift in Sources */,
				AFC44D472934836400B01142 /* DetailView.swift in Sources */,
				AF160EC82934DFE80014C385 /* UIImageView+Extension.swift in Sources */,
				AF717471292252000004FC02 /* SearchProductListResponse.swift in Sources */,
				AFF96945292F05C5009AB014 /* BodyType.swift in Sources */,
				AFC44D512934975300B01142 /* ProductCollectionView.swift in Sources */,
				AF71746829224A010004FC02 /* API.swift in Sources */,
				AF13E5BA2935CC6500F92C89 /* DetailViewModel.swift in Sources */,
				AFC44D492934838A00B01142 /* SearchView.swift in Sources */,
				AF07969F2924B6A4002E876C /* DeleteKeyRequestModel.swift in Sources */,
				AF13E5B72935C93B00F92C89 /* DetailViewController.swift in Sources */,
				AF7174662922383A0004FC02 /* APIError.swift in Sources */,
				AFF96943292F046A009AB014 /* EditProductModel.swift in Sources */,
				AFEE294D292613FD008028C2 /* UIImage+Extension.swift in Sources */,
				AF71746D292251510004FC02 /* SearchProductListAPI.swift in Sources */,
				AFC44D4B2934855300B01142 /* TabBarController.swift in Sources */,
				AFD41D732937230D008E36C0 /* DateCalculator.swift in Sources */,
				AFD9AB4C2923101F009A67AB /* SearchProductDetailResponse.swift in Sources */,
				AFF9693F292EF555009AB014 /* EditProductAPI.swift in Sources */,
				AFC44D4D2934860A00B01142 /* RegisterViewController.swift in Sources */,
			);
			runOnlyForDeploymentPostprocessing = 0;
		};
		AF71747229227B9C0004FC02 /* Sources */ = {
			isa = PBXSourcesBuildPhase;
			buildActionMask = 2147483647;
			files = (
				AF71748229227BE40004FC02 /* ServerCheckAPITest.swift in Sources */,
				AFD9AB56292325DB009A67AB /* RegisterProductAPITest.swift in Sources */,
				AF71748029227BCB0004FC02 /* SearchProductListAPITest.swift in Sources */,
				AF07969D2924AE73002E876C /* SearchDeleteURIAPITest.swift in Sources */,
				AFF96941292EF731009AB014 /* EditProductAPITest.swift in Sources */,
				AFD9AB4E29231238009A67AB /* SearchProductDetailAPITest.swift in Sources */,
				AFD9AB50292313BA009A67AB /* APIConfigurationTest.swift in Sources */,
				AF0796A32924BED2002E876C /* DeleteProductAPITest.swift in Sources */,
			);
			runOnlyForDeploymentPostprocessing = 0;
		};
/* End PBXSourcesBuildPhase section */

/* Begin PBXTargetDependency section */
		AF71747B29227B9C0004FC02 /* PBXTargetDependency */ = {
			isa = PBXTargetDependency;
			target = AF5BB772292210E20013BFC1 /* YagomMarket */;
			targetProxy = AF71747A29227B9C0004FC02 /* PBXContainerItemProxy */;
		};
/* End PBXTargetDependency section */

/* Begin PBXVariantGroup section */
		AF5BB781292210E30013BFC1 /* LaunchScreen.storyboard */ = {
			isa = PBXVariantGroup;
			children = (
				AF5BB782292210E30013BFC1 /* Base */,
			);
			name = LaunchScreen.storyboard;
			sourceTree = "<group>";
		};
/* End PBXVariantGroup section */

/* Begin XCBuildConfiguration section */
		AF5BB785292210E30013BFC1 /* Debug */ = {
			isa = XCBuildConfiguration;
			buildSettings = {
				ALWAYS_SEARCH_USER_PATHS = NO;
				CLANG_ANALYZER_NONNULL = YES;
				CLANG_ANALYZER_NUMBER_OBJECT_CONVERSION = YES_AGGRESSIVE;
				CLANG_CXX_LANGUAGE_STANDARD = "gnu++20";
				CLANG_ENABLE_MODULES = YES;
				CLANG_ENABLE_OBJC_ARC = YES;
				CLANG_ENABLE_OBJC_WEAK = YES;
				CLANG_WARN_BLOCK_CAPTURE_AUTORELEASING = YES;
				CLANG_WARN_BOOL_CONVERSION = YES;
				CLANG_WARN_COMMA = YES;
				CLANG_WARN_CONSTANT_CONVERSION = YES;
				CLANG_WARN_DEPRECATED_OBJC_IMPLEMENTATIONS = YES;
				CLANG_WARN_DIRECT_OBJC_ISA_USAGE = YES_ERROR;
				CLANG_WARN_DOCUMENTATION_COMMENTS = YES;
				CLANG_WARN_EMPTY_BODY = YES;
				CLANG_WARN_ENUM_CONVERSION = YES;
				CLANG_WARN_INFINITE_RECURSION = YES;
				CLANG_WARN_INT_CONVERSION = YES;
				CLANG_WARN_NON_LITERAL_NULL_CONVERSION = YES;
				CLANG_WARN_OBJC_IMPLICIT_RETAIN_SELF = YES;
				CLANG_WARN_OBJC_LITERAL_CONVERSION = YES;
				CLANG_WARN_OBJC_ROOT_CLASS = YES_ERROR;
				CLANG_WARN_QUOTED_INCLUDE_IN_FRAMEWORK_HEADER = YES;
				CLANG_WARN_RANGE_LOOP_ANALYSIS = YES;
				CLANG_WARN_STRICT_PROTOTYPES = YES;
				CLANG_WARN_SUSPICIOUS_MOVE = YES;
				CLANG_WARN_UNGUARDED_AVAILABILITY = YES_AGGRESSIVE;
				CLANG_WARN_UNREACHABLE_CODE = YES;
				CLANG_WARN__DUPLICATE_METHOD_MATCH = YES;
				COPY_PHASE_STRIP = NO;
				DEBUG_INFORMATION_FORMAT = dwarf;
				ENABLE_STRICT_OBJC_MSGSEND = YES;
				ENABLE_TESTABILITY = YES;
				GCC_C_LANGUAGE_STANDARD = gnu11;
				GCC_DYNAMIC_NO_PIC = NO;
				GCC_NO_COMMON_BLOCKS = YES;
				GCC_OPTIMIZATION_LEVEL = 0;
				GCC_PREPROCESSOR_DEFINITIONS = (
					"DEBUG=1",
					"$(inherited)",
				);
				GCC_WARN_64_TO_32_BIT_CONVERSION = YES;
				GCC_WARN_ABOUT_RETURN_TYPE = YES_ERROR;
				GCC_WARN_UNDECLARED_SELECTOR = YES;
				GCC_WARN_UNINITIALIZED_AUTOS = YES_AGGRESSIVE;
				GCC_WARN_UNUSED_FUNCTION = YES;
				GCC_WARN_UNUSED_VARIABLE = YES;
				IPHONEOS_DEPLOYMENT_TARGET = 16.0;
				MTL_ENABLE_DEBUG_INFO = INCLUDE_SOURCE;
				MTL_FAST_MATH = YES;
				ONLY_ACTIVE_ARCH = YES;
				SDKROOT = iphoneos;
				SWIFT_ACTIVE_COMPILATION_CONDITIONS = DEBUG;
				SWIFT_OPTIMIZATION_LEVEL = "-Onone";
			};
			name = Debug;
		};
		AF5BB786292210E30013BFC1 /* Release */ = {
			isa = XCBuildConfiguration;
			buildSettings = {
				ALWAYS_SEARCH_USER_PATHS = NO;
				CLANG_ANALYZER_NONNULL = YES;
				CLANG_ANALYZER_NUMBER_OBJECT_CONVERSION = YES_AGGRESSIVE;
				CLANG_CXX_LANGUAGE_STANDARD = "gnu++20";
				CLANG_ENABLE_MODULES = YES;
				CLANG_ENABLE_OBJC_ARC = YES;
				CLANG_ENABLE_OBJC_WEAK = YES;
				CLANG_WARN_BLOCK_CAPTURE_AUTORELEASING = YES;
				CLANG_WARN_BOOL_CONVERSION = YES;
				CLANG_WARN_COMMA = YES;
				CLANG_WARN_CONSTANT_CONVERSION = YES;
				CLANG_WARN_DEPRECATED_OBJC_IMPLEMENTATIONS = YES;
				CLANG_WARN_DIRECT_OBJC_ISA_USAGE = YES_ERROR;
				CLANG_WARN_DOCUMENTATION_COMMENTS = YES;
				CLANG_WARN_EMPTY_BODY = YES;
				CLANG_WARN_ENUM_CONVERSION = YES;
				CLANG_WARN_INFINITE_RECURSION = YES;
				CLANG_WARN_INT_CONVERSION = YES;
				CLANG_WARN_NON_LITERAL_NULL_CONVERSION = YES;
				CLANG_WARN_OBJC_IMPLICIT_RETAIN_SELF = YES;
				CLANG_WARN_OBJC_LITERAL_CONVERSION = YES;
				CLANG_WARN_OBJC_ROOT_CLASS = YES_ERROR;
				CLANG_WARN_QUOTED_INCLUDE_IN_FRAMEWORK_HEADER = YES;
				CLANG_WARN_RANGE_LOOP_ANALYSIS = YES;
				CLANG_WARN_STRICT_PROTOTYPES = YES;
				CLANG_WARN_SUSPICIOUS_MOVE = YES;
				CLANG_WARN_UNGUARDED_AVAILABILITY = YES_AGGRESSIVE;
				CLANG_WARN_UNREACHABLE_CODE = YES;
				CLANG_WARN__DUPLICATE_METHOD_MATCH = YES;
				COPY_PHASE_STRIP = NO;
				DEBUG_INFORMATION_FORMAT = "dwarf-with-dsym";
				ENABLE_NS_ASSERTIONS = NO;
				ENABLE_STRICT_OBJC_MSGSEND = YES;
				GCC_C_LANGUAGE_STANDARD = gnu11;
				GCC_NO_COMMON_BLOCKS = YES;
				GCC_WARN_64_TO_32_BIT_CONVERSION = YES;
				GCC_WARN_ABOUT_RETURN_TYPE = YES_ERROR;
				GCC_WARN_UNDECLARED_SELECTOR = YES;
				GCC_WARN_UNINITIALIZED_AUTOS = YES_AGGRESSIVE;
				GCC_WARN_UNUSED_FUNCTION = YES;
				GCC_WARN_UNUSED_VARIABLE = YES;
				IPHONEOS_DEPLOYMENT_TARGET = 16.0;
				MTL_ENABLE_DEBUG_INFO = NO;
				MTL_FAST_MATH = YES;
				SDKROOT = iphoneos;
				SWIFT_COMPILATION_MODE = wholemodule;
				SWIFT_OPTIMIZATION_LEVEL = "-O";
				VALIDATE_PRODUCT = YES;
			};
			name = Release;
		};
		AF5BB788292210E30013BFC1 /* Debug */ = {
			isa = XCBuildConfiguration;
			buildSettings = {
				ASSETCATALOG_COMPILER_APPICON_NAME = AppIcon;
				ASSETCATALOG_COMPILER_GLOBAL_ACCENT_COLOR_NAME = AccentColor;
				CODE_SIGN_STYLE = Automatic;
				CURRENT_PROJECT_VERSION = 1;
				DEVELOPMENT_TEAM = SWPBG3YXG5;
				GENERATE_INFOPLIST_FILE = YES;
				INFOPLIST_FILE = "YagomMarket/Supporting Files/Info.plist";
				INFOPLIST_KEY_UIApplicationSupportsIndirectInputEvents = YES;
				INFOPLIST_KEY_UILaunchStoryboardName = LaunchScreen;
				INFOPLIST_KEY_UISupportedInterfaceOrientations_iPad = "UIInterfaceOrientationPortrait UIInterfaceOrientationPortraitUpsideDown UIInterfaceOrientationLandscapeLeft UIInterfaceOrientationLandscapeRight";
				INFOPLIST_KEY_UISupportedInterfaceOrientations_iPhone = "UIInterfaceOrientationPortrait UIInterfaceOrientationLandscapeLeft UIInterfaceOrientationLandscapeRight";
				LD_RUNPATH_SEARCH_PATHS = (
					"$(inherited)",
					"@executable_path/Frameworks",
				);
				MARKETING_VERSION = 1.0;
				PRODUCT_BUNDLE_IDENTIFIER = com.wonbeen.YagomMarket;
				PRODUCT_NAME = "$(TARGET_NAME)";
				SWIFT_EMIT_LOC_STRINGS = YES;
				SWIFT_VERSION = 5.0;
				TARGETED_DEVICE_FAMILY = "1,2";
			};
			name = Debug;
		};
		AF5BB789292210E30013BFC1 /* Release */ = {
			isa = XCBuildConfiguration;
			buildSettings = {
				ASSETCATALOG_COMPILER_APPICON_NAME = AppIcon;
				ASSETCATALOG_COMPILER_GLOBAL_ACCENT_COLOR_NAME = AccentColor;
				CODE_SIGN_STYLE = Automatic;
				CURRENT_PROJECT_VERSION = 1;
				DEVELOPMENT_TEAM = SWPBG3YXG5;
				GENERATE_INFOPLIST_FILE = YES;
				INFOPLIST_FILE = "YagomMarket/Supporting Files/Info.plist";
				INFOPLIST_KEY_UIApplicationSupportsIndirectInputEvents = YES;
				INFOPLIST_KEY_UILaunchStoryboardName = LaunchScreen;
				INFOPLIST_KEY_UISupportedInterfaceOrientations_iPad = "UIInterfaceOrientationPortrait UIInterfaceOrientationPortraitUpsideDown UIInterfaceOrientationLandscapeLeft UIInterfaceOrientationLandscapeRight";
				INFOPLIST_KEY_UISupportedInterfaceOrientations_iPhone = "UIInterfaceOrientationPortrait UIInterfaceOrientationLandscapeLeft UIInterfaceOrientationLandscapeRight";
				LD_RUNPATH_SEARCH_PATHS = (
					"$(inherited)",
					"@executable_path/Frameworks",
				);
				MARKETING_VERSION = 1.0;
				PRODUCT_BUNDLE_IDENTIFIER = com.wonbeen.YagomMarket;
				PRODUCT_NAME = "$(TARGET_NAME)";
				SWIFT_EMIT_LOC_STRINGS = YES;
				SWIFT_VERSION = 5.0;
				TARGETED_DEVICE_FAMILY = "1,2";
			};
			name = Release;
		};
		AF71747D29227B9C0004FC02 /* Debug */ = {
			isa = XCBuildConfiguration;
			buildSettings = {
				BUNDLE_LOADER = "$(TEST_HOST)";
				CODE_SIGN_STYLE = Automatic;
				CURRENT_PROJECT_VERSION = 1;
				DEVELOPMENT_TEAM = SWPBG3YXG5;
				GENERATE_INFOPLIST_FILE = YES;
				IPHONEOS_DEPLOYMENT_TARGET = 16.0;
				MACOSX_DEPLOYMENT_TARGET = 12.3;
				MARKETING_VERSION = 1.0;
				PRODUCT_BUNDLE_IDENTIFIER = com.wonbeen.YagomMarketTests;
				PRODUCT_NAME = "$(TARGET_NAME)";
				SDKROOT = auto;
				SUPPORTED_PLATFORMS = "iphoneos iphonesimulator macosx";
				SWIFT_EMIT_LOC_STRINGS = NO;
				SWIFT_VERSION = 5.0;
				TARGETED_DEVICE_FAMILY = "1,2";
				TEST_HOST = "$(BUILT_PRODUCTS_DIR)/YagomMarket.app/$(BUNDLE_EXECUTABLE_FOLDER_PATH)/YagomMarket";
			};
			name = Debug;
		};
		AF71747E29227B9C0004FC02 /* Release */ = {
			isa = XCBuildConfiguration;
			buildSettings = {
				BUNDLE_LOADER = "$(TEST_HOST)";
				CODE_SIGN_STYLE = Automatic;
				CURRENT_PROJECT_VERSION = 1;
				DEVELOPMENT_TEAM = SWPBG3YXG5;
				GENERATE_INFOPLIST_FILE = YES;
				IPHONEOS_DEPLOYMENT_TARGET = 16.0;
				MACOSX_DEPLOYMENT_TARGET = 12.3;
				MARKETING_VERSION = 1.0;
				PRODUCT_BUNDLE_IDENTIFIER = com.wonbeen.YagomMarketTests;
				PRODUCT_NAME = "$(TARGET_NAME)";
				SDKROOT = auto;
				SUPPORTED_PLATFORMS = "iphoneos iphonesimulator macosx";
				SWIFT_EMIT_LOC_STRINGS = NO;
				SWIFT_VERSION = 5.0;
				TARGETED_DEVICE_FAMILY = "1,2";
				TEST_HOST = "$(BUILT_PRODUCTS_DIR)/YagomMarket.app/$(BUNDLE_EXECUTABLE_FOLDER_PATH)/YagomMarket";
			};
			name = Release;
		};
/* End XCBuildConfiguration section */

/* Begin XCConfigurationList section */
		AF5BB76E292210E20013BFC1 /* Build configuration list for PBXProject "YagomMarket" */ = {
			isa = XCConfigurationList;
			buildConfigurations = (
				AF5BB785292210E30013BFC1 /* Debug */,
				AF5BB786292210E30013BFC1 /* Release */,
			);
			defaultConfigurationIsVisible = 0;
			defaultConfigurationName = Release;
		};
		AF5BB787292210E30013BFC1 /* Build configuration list for PBXNativeTarget "YagomMarket" */ = {
			isa = XCConfigurationList;
			buildConfigurations = (
				AF5BB788292210E30013BFC1 /* Debug */,
				AF5BB789292210E30013BFC1 /* Release */,
			);
			defaultConfigurationIsVisible = 0;
			defaultConfigurationName = Release;
		};
		AF71747C29227B9C0004FC02 /* Build configuration list for PBXNativeTarget "YagomMarketTests" */ = {
			isa = XCConfigurationList;
			buildConfigurations = (
				AF71747D29227B9C0004FC02 /* Debug */,
				AF71747E29227B9C0004FC02 /* Release */,
			);
			defaultConfigurationIsVisible = 0;
			defaultConfigurationName = Release;
		};
/* End XCConfigurationList section */
	};
	rootObject = AF5BB76B292210E20013BFC1 /* Project object */;
}
